
Microsoft Visual Studio Solution File, Format Version 12.00
# Visual Studio 15
VisualStudioVersion = 15.0.28307.136
MinimumVisualStudioVersion = 10.0.40219.1
Project("{9A19103F-16F7-4668-BE54-9A1E7A4F7556}") = "Blog.Models", "Blog.Models\Blog.Models.csproj", "{6020D32F-6F55-43FA-97F5-454F383FC9F3}"
EndProject
Project("{9A19103F-16F7-4668-BE54-9A1E7A4F7556}") = "Blog.Services", "Blog.Services\Blog.Services.csproj", "{642E18A3-7789-4AE1-8884-C3A8A6C81BA9}"
EndProject
Project("{9A19103F-16F7-4668-BE54-9A1E7A4F7556}") = "BlogWebApp", "BlogWebApp\BlogWebApp.csproj", "{BC22BB50-41F5-46F3-906C-9E7EF76BF8DE}"
EndProject
Project("{9A19103F-16F7-4668-BE54-9A1E7A4F7556}") = "Blog.Data", "Blog.Data\Blog.Data.csproj", "{DC033B2F-A6F7-4280-8B35-77AAC3B19FCF}"
EndProject
Project("{FAE04EC0-301F-11D3-BF4B-00C04F79EFBC}") = "XUnitTestProject", "XUnitTestProject\XUnitTestProject.csproj", "{0C53A931-23DE-442A-8925-ED92965D23B9}"
EndProject
Global
	GlobalSection(SolutionConfigurationPlatforms) = preSolution
		Debug|Any CPU = Debug|Any CPU
		Release|Any CPU = Release|Any CPU
	EndGlobalSection
	GlobalSection(ProjectConfigurationPlatforms) = postSolution
		{6020D32F-6F55-43FA-97F5-454F383FC9F3}.Debug|Any CPU.ActiveCfg = Debug|Any CPU
		{6020D32F-6F55-43FA-97F5-454F383FC9F3}.Debug|Any CPU.Build.0 = Debug|Any CPU
		{6020D32F-6F55-43FA-97F5-454F383FC9F3}.Release|Any CPU.ActiveCfg = Release|Any CPU
		{6020D32F-6F55-43FA-97F5-454F383FC9F3}.Release|Any CPU.Build.0 = Release|Any CPU
		{642E18A3-7789-4AE1-8884-C3A8A6C81BA9}.Debug|Any CPU.ActiveCfg = Debug|Any CPU
		{642E18A3-7789-4AE1-8884-C3A8A6C81BA9}.Debug|Any CPU.Build.0 = Debug|Any CPU
		{642E18A3-7789-4AE1-8884-C3A8A6C81BA9}.Release|Any CPU.ActiveCfg = Release|Any CPU
		{642E18A3-7789-4AE1-8884-C3A8A6C81BA9}.Release|Any CPU.Build.0 = Release|Any CPU
		{BC22BB50-41F5-46F3-906C-9E7EF76BF8DE}.Debug|Any CPU.ActiveCfg = Debug|Any CPU
		{BC22BB50-41F5-46F3-906C-9E7EF76BF8DE}.Debug|Any CPU.Build.0 = Debug|Any CPU
		{BC22BB50-41F5-46F3-906C-9E7EF76BF8DE}.Release|Any CPU.ActiveCfg = Release|Any CPU
		{BC22BB50-41F5-46F3-906C-9E7EF76BF8DE}.Release|Any CPU.Build.0 = Release|Any CPU
		{DC033B2F-A6F7-4280-8B35-77AAC3B19FCF}.Debug|Any CPU.ActiveCfg = Debug|Any CPU
		{DC033B2F-A6F7-4280-8B35-77AAC3B19FCF}.Debug|Any CPU.Build.0 = Debug|Any CPU
		{DC033B2F-A6F7-4280-8B35-77AAC3B19FCF}.Release|Any CPU.ActiveCfg = Release|Any CPU
		{DC033B2F-A6F7-4280-8B35-77AAC3B19FCF}.Release|Any CPU.Build.0 = Release|Any CPU
		{0C53A931-23DE-442A-8925-ED92965D23B9}.Debug|Any CPU.ActiveCfg = Debug|Any CPU
		{0C53A931-23DE-442A-8925-ED92965D23B9}.Debug|Any CPU.Build.0 = Debug|Any CPU
		{0C53A931-23DE-442A-8925-ED92965D23B9}.Release|Any CPU.ActiveCfg = Release|Any CPU
		{0C53A931-23DE-442A-8925-ED92965D23B9}.Release|Any CPU.Build.0 = Release|Any CPU
	EndGlobalSection
	GlobalSection(SolutionProperties) = preSolution
		HideSolutionNode = FALSE
	EndGlobalSection
	GlobalSection(ExtensibilityGlobals) = postSolution
		SolutionGuid = {AE4510BA-9366-4FBE-8B42-69A452E08995}
	EndGlobalSection
EndGlobal
